
Microsoft Visual Studio Solution File, Format Version 12.00
# Visual Studio Version 17
VisualStudioVersion = 17.2.32630.192
MinimumVisualStudioVersion = 10.0.40219.1
Project("{9A19103F-16F7-4668-BE54-9A1E7A4F7556}") = "MySqlTest", "MySqlTest.csproj", "{1FE82C4D-1AC9-4888-A581-9636ABAF375F}"
EndProject
Project("{FAE04EC0-301F-11D3-BF4B-00C04F79EFBC}") = "GUI", "GUI\GUI.csproj", "{759DDE6A-5F0B-4473-9AB2-112155BDD5A4}"
EndProject
Global
	GlobalSection(SolutionConfigurationPlatforms) = preSolution
		Debug|Any CPU = Debug|Any CPU
		Release|Any CPU = Release|Any CPU
	EndGlobalSection
	GlobalSection(ProjectConfigurationPlatforms) = postSolution
		{1FE82C4D-1AC9-4888-A581-9636ABAF375F}.Debug|Any CPU.ActiveCfg = Debug|Any CPU
		{1FE82C4D-1AC9-4888-A581-9636ABAF375F}.Debug|Any CPU.Build.0 = Debug|Any CPU
		{1FE82C4D-1AC9-4888-A581-9636ABAF375F}.Release|Any CPU.ActiveCfg = Release|Any CPU
		{1FE82C4D-1AC9-4888-A581-9636ABAF375F}.Release|Any CPU.Build.0 = Release|Any CPU
		{759DDE6A-5F0B-4473-9AB2-112155BDD5A4}.Debug|Any CPU.ActiveCfg = Debug|Any CPU
		{759DDE6A-5F0B-4473-9AB2-112155BDD5A4}.Debug|Any CPU.Build.0 = Debug|Any CPU
		{759DDE6A-5F0B-4473-9AB2-112155BDD5A4}.Release|Any CPU.ActiveCfg = Release|Any CPU
		{759DDE6A-5F0B-4473-9AB2-112155BDD5A4}.Release|Any CPU.Build.0 = Release|Any CPU
	EndGlobalSection
	GlobalSection(SolutionProperties) = preSolution
		HideSolutionNode = FALSE
	EndGlobalSection
	GlobalSection(ExtensibilityGlobals) = postSolution
		SolutionGuid = {4B6F036B-5D73-4801-AB3C-87269C421E2B}
	EndGlobalSection
EndGlobal
